
Microsoft Visual Studio Solution File, Format Version 12.00
# Visual Studio Version 17
VisualStudioVersion = 17.1.32319.34
MinimumVisualStudioVersion = 10.0.40219.1
Project("{2150E333-8FDC-42A3-9474-1A3956D46DE8}") = "Services", "Services", "{8D95417D-196B-4D48-AFD1-2ADA4B68AAAF}"
EndProject
Project("{2150E333-8FDC-42A3-9474-1A3956D46DE8}") = "Catalog", "Catalog", "{121FE079-2B73-440B-9C11-7461C7B5B0A5}"
EndProject
Project("{9A19103F-16F7-4668-BE54-9A1E7A4F7556}") = "Catalog.API", "Services\Catalog\Catalog.API\Catalog.API.csproj", "{6974BED2-ABFB-41EE-9156-5490687C895C}"
EndProject
Project("{E53339B2-1760-4266-BCC7-CA923CBCF16C}") = "docker-compose", "docker-compose.dcproj", "{7B2B432C-DA72-463E-93D1-3D302C93F175}"
EndProject
Project("{2150E333-8FDC-42A3-9474-1A3956D46DE8}") = "Basket", "Basket", "{FC665FB9-D64C-411F-84F8-F7FCE737D9C0}"
EndProject
Project("{9A19103F-16F7-4668-BE54-9A1E7A4F7556}") = "Catalog.Models", "Services\Catalog\Catalog.Models\Catalog.Models.csproj", "{4D9421FA-051E-4701-8EE6-2440F103F89F}"
EndProject
Project("{9A19103F-16F7-4668-BE54-9A1E7A4F7556}") = "Catalog.Repository", "Services\Catalog\Catalog.Repository\Catalog.Repository.csproj", "{15635BD8-2E87-4AB0-AFF4-CB8E1DE0CDC1}"
EndProject
Project("{9A19103F-16F7-4668-BE54-9A1E7A4F7556}") = "Basket.API", "Services\Basket\Basket.API\Basket.API.csproj", "{BB7491FD-3F1C-412E-B465-E2E90CAA7ACC}"
EndProject
Project("{9A19103F-16F7-4668-BE54-9A1E7A4F7556}") = "Basket.Domain.Repository", "Services\Basket\Basket.Domain.Repository\Basket.Domain.Repository.csproj", "{78AC50AA-0FBA-46F5-85AF-C0A130CACE32}"
EndProject
Project("{9A19103F-16F7-4668-BE54-9A1E7A4F7556}") = "Basket.Services", "Services\Basket\Basket.Services\Basket.Services.csproj", "{56A393A7-4B8D-4138-B627-37A9B2E9E718}"
EndProject
Project("{2150E333-8FDC-42A3-9474-1A3956D46DE8}") = "Discount", "Discount", "{89C771B2-41E1-4D5B-AD3F-AEEB807FBC05}"
EndProject
Project("{9A19103F-16F7-4668-BE54-9A1E7A4F7556}") = "Discount.Domain.Model", "Services\Discount\Discount.Domain.Model\Discount.Domain.Model.csproj", "{A01EAA24-3E1E-4815-B5D6-01E73EC8CA21}"
EndProject
Project("{9A19103F-16F7-4668-BE54-9A1E7A4F7556}") = "Discount.Domain.Repository", "Services\Discount\Discount.Domain.Repository\Discount.Domain.Repository.csproj", "{39FF7AF5-BD91-4B7B-A87C-80417015D8E9}"
EndProject
Project("{9A19103F-16F7-4668-BE54-9A1E7A4F7556}") = "Discount.API", "Services\Discount\Discount.API\Discount.API.csproj", "{B1CDDA37-83C7-42AE-A1B9-8057E37548B4}"
EndProject
Project("{9A19103F-16F7-4668-BE54-9A1E7A4F7556}") = "Discount.Grpc", "Services\Discount\Discount.Grpc\Discount.Grpc.csproj", "{CF8CAD23-F700-45E8-8E4C-9F273191D1AC}"
EndProject
Project("{9A19103F-16F7-4668-BE54-9A1E7A4F7556}") = "Basket.Domain.Model", "Services\Basket\Basket.Domain.Model\Basket.Domain.Model.csproj", "{C851BC4A-9586-4D60-982D-910008A843A3}"
EndProject
Project("{2150E333-8FDC-42A3-9474-1A3956D46DE8}") = "Ordering", "Ordering", "{539361BD-4590-4EF7-9408-9791E21FF8DC}"
EndProject
Project("{9A19103F-16F7-4668-BE54-9A1E7A4F7556}") = "Ordering.API", "Services\Ordering\Ordering.API\Ordering.API.csproj", "{CD0A09B1-E174-47FC-A5AF-BBA49C88C9C1}"
EndProject
Project("{9A19103F-16F7-4668-BE54-9A1E7A4F7556}") = "Ordering.Application", "Services\Ordering\Ordering.Application\Ordering.Application.csproj", "{70EEF05A-3B14-4FB2-96F3-6925EEF0524B}"
EndProject
Project("{9A19103F-16F7-4668-BE54-9A1E7A4F7556}") = "Ordering.Infrastructure", "Services\Ordering\Ordering.Infrastructure\Ordering.Infrastructure.csproj", "{F130F521-336E-47CE-B99B-AF46D8B6C816}"
EndProject
Project("{9A19103F-16F7-4668-BE54-9A1E7A4F7556}") = "Ordering.Domain.ReadModel", "Services\Ordering\Ordering.Domain.ReadModel\Ordering.Domain.ReadModel.csproj", "{F03AA1E0-EB25-491F-BA5E-DEE70A291B57}"
EndProject
Project("{FAE04EC0-301F-11D3-BF4B-00C04F79EFBC}") = "Ordering.Domain", "Services\Ordering\Ordering.Domain\Ordering.Domain.csproj", "{372713CA-EE4F-45CE-A278-9DA5E2669E92}"
EndProject
Project("{2150E333-8FDC-42A3-9474-1A3956D46DE8}") = "Solution Items", "Solution Items", "{9F442200-877C-45ED-A085-C28F88A69FCB}"
	ProjectSection(SolutionItems) = preProject
		.editorconfig = .editorconfig
	EndProjectSection
EndProject
Global
	GlobalSection(SolutionConfigurationPlatforms) = preSolution
		Debug|Any CPU = Debug|Any CPU
		Release|Any CPU = Release|Any CPU
	EndGlobalSection
	GlobalSection(ProjectConfigurationPlatforms) = postSolution
		{6974BED2-ABFB-41EE-9156-5490687C895C}.Debug|Any CPU.ActiveCfg = Debug|Any CPU
		{6974BED2-ABFB-41EE-9156-5490687C895C}.Debug|Any CPU.Build.0 = Debug|Any CPU
		{6974BED2-ABFB-41EE-9156-5490687C895C}.Release|Any CPU.ActiveCfg = Release|Any CPU
		{6974BED2-ABFB-41EE-9156-5490687C895C}.Release|Any CPU.Build.0 = Release|Any CPU
		{7B2B432C-DA72-463E-93D1-3D302C93F175}.Debug|Any CPU.ActiveCfg = Debug|Any CPU
		{7B2B432C-DA72-463E-93D1-3D302C93F175}.Debug|Any CPU.Build.0 = Debug|Any CPU
		{7B2B432C-DA72-463E-93D1-3D302C93F175}.Release|Any CPU.ActiveCfg = Release|Any CPU
		{7B2B432C-DA72-463E-93D1-3D302C93F175}.Release|Any CPU.Build.0 = Release|Any CPU
		{4D9421FA-051E-4701-8EE6-2440F103F89F}.Debug|Any CPU.ActiveCfg = Debug|Any CPU
		{4D9421FA-051E-4701-8EE6-2440F103F89F}.Debug|Any CPU.Build.0 = Debug|Any CPU
		{4D9421FA-051E-4701-8EE6-2440F103F89F}.Release|Any CPU.ActiveCfg = Release|Any CPU
		{4D9421FA-051E-4701-8EE6-2440F103F89F}.Release|Any CPU.Build.0 = Release|Any CPU
		{15635BD8-2E87-4AB0-AFF4-CB8E1DE0CDC1}.Debug|Any CPU.ActiveCfg = Debug|Any CPU
		{15635BD8-2E87-4AB0-AFF4-CB8E1DE0CDC1}.Debug|Any CPU.Build.0 = Debug|Any CPU
		{15635BD8-2E87-4AB0-AFF4-CB8E1DE0CDC1}.Release|Any CPU.ActiveCfg = Release|Any CPU
		{15635BD8-2E87-4AB0-AFF4-CB8E1DE0CDC1}.Release|Any CPU.Build.0 = Release|Any CPU
		{BB7491FD-3F1C-412E-B465-E2E90CAA7ACC}.Debug|Any CPU.ActiveCfg = Debug|Any CPU
		{BB7491FD-3F1C-412E-B465-E2E90CAA7ACC}.Debug|Any CPU.Build.0 = Debug|Any CPU
		{BB7491FD-3F1C-412E-B465-E2E90CAA7ACC}.Release|Any CPU.ActiveCfg = Release|Any CPU
		{BB7491FD-3F1C-412E-B465-E2E90CAA7ACC}.Release|Any CPU.Build.0 = Release|Any CPU
		{78AC50AA-0FBA-46F5-85AF-C0A130CACE32}.Debug|Any CPU.ActiveCfg = Debug|Any CPU
		{78AC50AA-0FBA-46F5-85AF-C0A130CACE32}.Debug|Any CPU.Build.0 = Debug|Any CPU
		{78AC50AA-0FBA-46F5-85AF-C0A130CACE32}.Release|Any CPU.ActiveCfg = Release|Any CPU
		{78AC50AA-0FBA-46F5-85AF-C0A130CACE32}.Release|Any CPU.Build.0 = Release|Any CPU
		{56A393A7-4B8D-4138-B627-37A9B2E9E718}.Debug|Any CPU.ActiveCfg = Debug|Any CPU
		{56A393A7-4B8D-4138-B627-37A9B2E9E718}.Debug|Any CPU.Build.0 = Debug|Any CPU
		{56A393A7-4B8D-4138-B627-37A9B2E9E718}.Release|Any CPU.ActiveCfg = Release|Any CPU
		{56A393A7-4B8D-4138-B627-37A9B2E9E718}.Release|Any CPU.Build.0 = Release|Any CPU
		{A01EAA24-3E1E-4815-B5D6-01E73EC8CA21}.Debug|Any CPU.ActiveCfg = Debug|Any CPU
		{A01EAA24-3E1E-4815-B5D6-01E73EC8CA21}.Debug|Any CPU.Build.0 = Debug|Any CPU
		{A01EAA24-3E1E-4815-B5D6-01E73EC8CA21}.Release|Any CPU.ActiveCfg = Release|Any CPU
		{A01EAA24-3E1E-4815-B5D6-01E73EC8CA21}.Release|Any CPU.Build.0 = Release|Any CPU
		{39FF7AF5-BD91-4B7B-A87C-80417015D8E9}.Debug|Any CPU.ActiveCfg = Debug|Any CPU
		{39FF7AF5-BD91-4B7B-A87C-80417015D8E9}.Debug|Any CPU.Build.0 = Debug|Any CPU
		{39FF7AF5-BD91-4B7B-A87C-80417015D8E9}.Release|Any CPU.ActiveCfg = Release|Any CPU
		{39FF7AF5-BD91-4B7B-A87C-80417015D8E9}.Release|Any CPU.Build.0 = Release|Any CPU
		{B1CDDA37-83C7-42AE-A1B9-8057E37548B4}.Debug|Any CPU.ActiveCfg = Debug|Any CPU
		{B1CDDA37-83C7-42AE-A1B9-8057E37548B4}.Debug|Any CPU.Build.0 = Debug|Any CPU
		{B1CDDA37-83C7-42AE-A1B9-8057E37548B4}.Release|Any CPU.ActiveCfg = Release|Any CPU
		{B1CDDA37-83C7-42AE-A1B9-8057E37548B4}.Release|Any CPU.Build.0 = Release|Any CPU
		{CF8CAD23-F700-45E8-8E4C-9F273191D1AC}.Debug|Any CPU.ActiveCfg = Debug|Any CPU
		{CF8CAD23-F700-45E8-8E4C-9F273191D1AC}.Debug|Any CPU.Build.0 = Debug|Any CPU
		{CF8CAD23-F700-45E8-8E4C-9F273191D1AC}.Release|Any CPU.ActiveCfg = Release|Any CPU
		{CF8CAD23-F700-45E8-8E4C-9F273191D1AC}.Release|Any CPU.Build.0 = Release|Any CPU
		{C851BC4A-9586-4D60-982D-910008A843A3}.Debug|Any CPU.ActiveCfg = Debug|Any CPU
		{C851BC4A-9586-4D60-982D-910008A843A3}.Debug|Any CPU.Build.0 = Debug|Any CPU
		{C851BC4A-9586-4D60-982D-910008A843A3}.Release|Any CPU.ActiveCfg = Release|Any CPU
		{C851BC4A-9586-4D60-982D-910008A843A3}.Release|Any CPU.Build.0 = Release|Any CPU
		{CD0A09B1-E174-47FC-A5AF-BBA49C88C9C1}.Debug|Any CPU.ActiveCfg = Debug|Any CPU
		{CD0A09B1-E174-47FC-A5AF-BBA49C88C9C1}.Debug|Any CPU.Build.0 = Debug|Any CPU
		{CD0A09B1-E174-47FC-A5AF-BBA49C88C9C1}.Release|Any CPU.ActiveCfg = Release|Any CPU
		{CD0A09B1-E174-47FC-A5AF-BBA49C88C9C1}.Release|Any CPU.Build.0 = Release|Any CPU
		{70EEF05A-3B14-4FB2-96F3-6925EEF0524B}.Debug|Any CPU.ActiveCfg = Debug|Any CPU
		{70EEF05A-3B14-4FB2-96F3-6925EEF0524B}.Debug|Any CPU.Build.0 = Debug|Any CPU
		{70EEF05A-3B14-4FB2-96F3-6925EEF0524B}.Release|Any CPU.ActiveCfg = Release|Any CPU
		{70EEF05A-3B14-4FB2-96F3-6925EEF0524B}.Release|Any CPU.Build.0 = Release|Any CPU
		{F130F521-336E-47CE-B99B-AF46D8B6C816}.Debug|Any CPU.ActiveCfg = Debug|Any CPU
		{F130F521-336E-47CE-B99B-AF46D8B6C816}.Debug|Any CPU.Build.0 = Debug|Any CPU
		{F130F521-336E-47CE-B99B-AF46D8B6C816}.Release|Any CPU.ActiveCfg = Release|Any CPU
		{F130F521-336E-47CE-B99B-AF46D8B6C816}.Release|Any CPU.Build.0 = Release|Any CPU
		{F03AA1E0-EB25-491F-BA5E-DEE70A291B57}.Debug|Any CPU.ActiveCfg = Debug|Any CPU
		{F03AA1E0-EB25-491F-BA5E-DEE70A291B57}.Debug|Any CPU.Build.0 = Debug|Any CPU
		{F03AA1E0-EB25-491F-BA5E-DEE70A291B57}.Release|Any CPU.ActiveCfg = Release|Any CPU
		{F03AA1E0-EB25-491F-BA5E-DEE70A291B57}.Release|Any CPU.Build.0 = Release|Any CPU
		{372713CA-EE4F-45CE-A278-9DA5E2669E92}.Debug|Any CPU.ActiveCfg = Debug|Any CPU
		{372713CA-EE4F-45CE-A278-9DA5E2669E92}.Debug|Any CPU.Build.0 = Debug|Any CPU
		{372713CA-EE4F-45CE-A278-9DA5E2669E92}.Release|Any CPU.ActiveCfg = Release|Any CPU
		{372713CA-EE4F-45CE-A278-9DA5E2669E92}.Release|Any CPU.Build.0 = Release|Any CPU
	EndGlobalSection
	GlobalSection(SolutionProperties) = preSolution
		HideSolutionNode = FALSE
	EndGlobalSection
	GlobalSection(NestedProjects) = preSolution
		{121FE079-2B73-440B-9C11-7461C7B5B0A5} = {8D95417D-196B-4D48-AFD1-2ADA4B68AAAF}
		{6974BED2-ABFB-41EE-9156-5490687C895C} = {121FE079-2B73-440B-9C11-7461C7B5B0A5}
		{FC665FB9-D64C-411F-84F8-F7FCE737D9C0} = {8D95417D-196B-4D48-AFD1-2ADA4B68AAAF}
		{4D9421FA-051E-4701-8EE6-2440F103F89F} = {121FE079-2B73-440B-9C11-7461C7B5B0A5}
		{15635BD8-2E87-4AB0-AFF4-CB8E1DE0CDC1} = {121FE079-2B73-440B-9C11-7461C7B5B0A5}
		{BB7491FD-3F1C-412E-B465-E2E90CAA7ACC} = {FC665FB9-D64C-411F-84F8-F7FCE737D9C0}
		{78AC50AA-0FBA-46F5-85AF-C0A130CACE32} = {FC665FB9-D64C-411F-84F8-F7FCE737D9C0}
		{56A393A7-4B8D-4138-B627-37A9B2E9E718} = {FC665FB9-D64C-411F-84F8-F7FCE737D9C0}
		{89C771B2-41E1-4D5B-AD3F-AEEB807FBC05} = {8D95417D-196B-4D48-AFD1-2ADA4B68AAAF}
		{A01EAA24-3E1E-4815-B5D6-01E73EC8CA21} = {89C771B2-41E1-4D5B-AD3F-AEEB807FBC05}
		{39FF7AF5-BD91-4B7B-A87C-80417015D8E9} = {89C771B2-41E1-4D5B-AD3F-AEEB807FBC05}
		{B1CDDA37-83C7-42AE-A1B9-8057E37548B4} = {89C771B2-41E1-4D5B-AD3F-AEEB807FBC05}
		{CF8CAD23-F700-45E8-8E4C-9F273191D1AC} = {89C771B2-41E1-4D5B-AD3F-AEEB807FBC05}
		{C851BC4A-9586-4D60-982D-910008A843A3} = {FC665FB9-D64C-411F-84F8-F7FCE737D9C0}
		{539361BD-4590-4EF7-9408-9791E21FF8DC} = {8D95417D-196B-4D48-AFD1-2ADA4B68AAAF}
		{CD0A09B1-E174-47FC-A5AF-BBA49C88C9C1} = {539361BD-4590-4EF7-9408-9791E21FF8DC}
		{70EEF05A-3B14-4FB2-96F3-6925EEF0524B} = {539361BD-4590-4EF7-9408-9791E21FF8DC}
		{F130F521-336E-47CE-B99B-AF46D8B6C816} = {539361BD-4590-4EF7-9408-9791E21FF8DC}
		{F03AA1E0-EB25-491F-BA5E-DEE70A291B57} = {539361BD-4590-4EF7-9408-9791E21FF8DC}
		{372713CA-EE4F-45CE-A278-9DA5E2669E92} = {539361BD-4590-4EF7-9408-9791E21FF8DC}
	EndGlobalSection
	GlobalSection(ExtensibilityGlobals) = postSolution
		SolutionGuid = {B90F1F6F-DD4E-42DC-BCC9-601877B71140}
	EndGlobalSection
EndGlobal
